Microsoft Visual Studio Solution File, Format Version 12.00
# Visual Studio Version 17
VisualStudioVersion = 17.5.2.0
MinimumVisualStudioVersion = 10.0.40219.1
Project("{FAE04EC0-301F-11D3-BF4B-00C04F79EFBC}") = "Uni9.Aula1", "Uni9.Aula1\Uni9.Aula1.csproj", "{28C05F8F-00C0-E409-5705-F6C7AA414FBD}"
EndProject
Global
	GlobalSection(SolutionConfigurationPlatforms) = preSolution
		Debug|Any CPU = Debug|Any CPU
		Release|Any CPU = Release|Any CPU
	EndGlobalSection
	GlobalSection(ProjectConfigurationPlatforms) = postSolution
		{28C05F8F-00C0-E409-5705-F6C7AA414FBD}.Debug|Any CPU.ActiveCfg = Debug|Any CPU
		{28C05F8F-00C0-E409-5705-F6C7AA414FBD}.Debug|Any CPU.Build.0 = Debug|Any CPU
		{28C05F8F-00C0-E409-5705-F6C7AA414FBD}.Release|Any CPU.ActiveCfg = Release|Any CPU
		{28C05F8F-00C0-E409-5705-F6C7AA414FBD}.Release|Any CPU.Build.0 = Release|Any CPU
	EndGlobalSection
	GlobalSection(SolutionProperties) = preSolution
		HideSolutionNode = FALSE
	EndGlobalSection
	GlobalSection(ExtensibilityGlobals) = postSolution
		SolutionGuid = {4C94B664-D666-4E46-BCA4-6E5B94C9D173}
	EndGlobalSection
EndGlobal
